
Microsoft Visual Studio Solution File, Format Version 12.00
# Visual Studio Version 16
VisualStudioVersion = 16.0.29411.108
MinimumVisualStudioVersion = 10.0.40219.1
Project("{F184B08F-C81C-45F6-A57F-5ABD9991F28F}") = "costom body", "costom body\costom body.vbproj", "{76FA88AD-1F83-45CF-9099-58257782C16B}"
EndProject
Global
	GlobalSection(SolutionConfigurationPlatforms) = preSolution
		Debug|Any CPU = Debug|Any CPU
		Release|Any CPU = Release|Any CPU
	EndGlobalSection
	GlobalSection(ProjectConfigurationPlatforms) = postSolution
		{76FA88AD-1F83-45CF-9099-58257782C16B}.Debug|Any CPU.ActiveCfg = Debug|Any CPU
		{76FA88AD-1F83-45CF-9099-58257782C16B}.Debug|Any CPU.Build.0 = Debug|Any CPU
		{76FA88AD-1F83-45CF-9099-58257782C16B}.Release|Any CPU.ActiveCfg = Release|Any CPU
		{76FA88AD-1F83-45CF-9099-58257782C16B}.Release|Any CPU.Build.0 = Release|Any CPU
	EndGlobalSection
	GlobalSection(SolutionProperties) = preSolution
		HideSolutionNode = FALSE
	EndGlobalSection
	GlobalSection(ExtensibilityGlobals) = postSolution
		SolutionGuid = {53822B22-DDD4-41D5-956D-74313B8142E8}
	EndGlobalSection
EndGlobal
